PODS:
  - MGSwipeTableCell (1.6.7)

DEPENDENCIES:
  - MGSwipeTableCell

SPEC REPOS:
  https://github.com/cocoapods/specs.git:
    - MGSwipeTableCell

SPEC CHECKSUMS:
  MGSwipeTableCell: fb20e983988bde2b8d0df29c2d9e1d8ffd10b74a

PODFILE CHECKSUM: 4fdf693f22daa4f0b1d74cbcd386c29af80d2f62

COCOAPODS: 1.5.3
