// !$*UTF8*$!
{
	archiveVersion = 1;
	classes = {
	};
	objectVersion = 50;
	objects = {

/* Begin PBXBuildFile section */
		961EE60E21A57B4900CDAD36 /* AppDelegate.swift in Sources */ = {isa = PBXBuildFile; fileRef = 961EE60D21A57B4900CDAD36 /* AppDelegate.swift */; };
		961EE61021A57B4900CDAD36 /* ViewController.swift in Sources */ = {isa = PBXBuildFile; fileRef = 961EE60F21A57B4900CDAD36 /* ViewController.swift */; };
		961EE61321A57B4900CDAD36 /* Main.storyboard in Resources */ = {isa = PBXBuildFile; fileRef = 961EE61121A57B4900CDAD36 /* Main.storyboard */; };
		961EE61621A57B4900CDAD36 /* ThreeSceneIncludingCoreData.xcdatamodeld in Sources */ = {isa = PBXBuildFile; fileRef = 961EE61421A57B4900CDAD36 /* ThreeSceneIncludingCoreData.xcdatamodeld */; };
		961EE61821A57B4A00CDAD36 /* Assets.xcassets in Resources */ = {isa = PBXBuildFile; fileRef = 961EE61721A57B4A00CDAD36 /* Assets.xcassets */; };
		961EE61B21A57B4A00CDAD36 /* LaunchScreen.storyboard in Resources */ = {isa = PBXBuildFile; fileRef = 961EE61921A57B4A00CDAD36 /* LaunchScreen.storyboard */; };
		961EE62621A57B4B00CDAD36 /* ThreeSceneIncludingCoreDataTests.swift in Sources */ = {isa = PBXBuildFile; fileRef = 961EE62521A57B4B00CDAD36 /* ThreeSceneIncludingCoreDataTests.swift */; };
		961EE63121A57B4B00CDAD36 /* ThreeSceneIncludingCoreDataUITests.swift in Sources */ = {isa = PBXBuildFile; fileRef = 961EE63021A57B4B00CDAD36 /* ThreeSceneIncludingCoreDataUITests.swift */; };
		961EE64D21A57BFE00CDAD36 /* checked.PNG in Resources */ = {isa = PBXBuildFile; fileRef = 961EE63E21A57BFC00CDAD36 /* checked.PNG */; };
		961EE64E21A57BFE00CDAD36 /* images in Resources */ = {isa = PBXBuildFile; fileRef = 961EE63F21A57BFC00CDAD36 /* images */; };
		961EE64F21A57BFE00CDAD36 /* ToDoListTableView.swift in Sources */ = {isa = PBXBuildFile; fileRef = 961EE64021A57BFC00CDAD36 /* ToDoListTableView.swift */; };
		961EE65021A57BFE00CDAD36 /* unchecked.PNG in Resources */ = {isa = PBXBuildFile; fileRef = 961EE64121A57BFD00CDAD36 /* unchecked.PNG */; };
		961EE65121A57BFE00CDAD36 /* SubTaskClass.swift in Sources */ = {isa = PBXBuildFile; fileRef = 961EE64221A57BFD00CDAD36 /* SubTaskClass.swift */; };
		961EE65321A57BFE00CDAD36 /* 5.png in Resources */ = {isa = PBXBuildFile; fileRef = 961EE64421A57BFD00CDAD36 /* 5.png */; };
		961EE65521A57BFE00CDAD36 /* 3.png in Resources */ = {isa = PBXBuildFile; fileRef = 961EE64621A57BFD00CDAD36 /* 3.png */; };
		961EE65621A57BFE00CDAD36 /* 1.png in Resources */ = {isa = PBXBuildFile; fileRef = 961EE64721A57BFD00CDAD36 /* 1.png */; };
		961EE65721A57BFE00CDAD36 /* 2.png in Resources */ = {isa = PBXBuildFile; fileRef = 961EE64821A57BFD00CDAD36 /* 2.png */; };
		961EE65821A57BFE00CDAD36 /* LogInPalmTree.png in Resources */ = {isa = PBXBuildFile; fileRef = 961EE64921A57BFD00CDAD36 /* LogInPalmTree.png */; };
		961EE65921A57BFE00CDAD36 /* ThreeSceneIncludingCoreData.xcdatamodeld in Sources */ = {isa = PBXBuildFile; fileRef = 961EE64A21A57BFE00CDAD36 /* ThreeSceneIncludingCoreData.xcdatamodeld */; };
		961EE65A21A57BFE00CDAD36 /* 6.png in Resources */ = {isa = PBXBuildFile; fileRef = 961EE64C21A57BFE00CDAD36 /* 6.png */; };
		96BB9B7221A62ACA00704AF6 /* TaskClass.swift in Sources */ = {isa = PBXBuildFile; fileRef = 96BB9B7121A62ACA00704AF6 /* TaskClass.swift */; };
/* End PBXBuildFile section */

/* Begin PBXContainerItemProxy section */
		961EE62221A57B4A00CDAD36 /* PBXContainerItemProxy */ = {
			isa = PBXContainerItemProxy;
			containerPortal = 961EE60221A57B4800CDAD36 /* Project object */;
			proxyType = 1;
			remoteGlobalIDString = 961EE60921A57B4800CDAD36;
			remoteInfo = ThreeSceneIncludingCoreData;
		};
		961EE62D21A57B4B00CDAD36 /* PBXContainerItemProxy */ = {
			isa = PBXContainerItemProxy;
			containerPortal = 961EE60221A57B4800CDAD36 /* Project object */;
			proxyType = 1;
			remoteGlobalIDString = 961EE60921A57B4800CDAD36;
			remoteInfo = ThreeSceneIncludingCoreData;
		};
/* End PBXContainerItemProxy section */

/* Begin PBXFileReference section */
		961EE60A21A57B4800CDAD36 /* ThreeSceneIncludingCoreData.app */ = {isa = PBXFileReference; explicitFileType = wrapper.application; includeInIndex = 0; path = ThreeSceneIncludingCoreData.app; sourceTree = BUILT_PRODUCTS_DIR; };
		961EE60D21A57B4900CDAD36 /* AppDelegate.swift */ = {isa = PBXFileReference; lastKnownFileType = sourcecode.swift; path = AppDelegate.swift; sourceTree = "<group>"; };
		961EE60F21A57B4900CDAD36 /* ViewController.swift */ = {isa = PBXFileReference; lastKnownFileType = sourcecode.swift; path = ViewController.swift; sourceTree = "<group>"; };
		961EE61221A57B4900CDAD36 /* Base */ = {isa = PBXFileReference; lastKnownFileType = file.storyboard; name = Base; path = Base.lproj/Main.storyboard; sourceTree = "<group>"; };
		961EE61521A57B4900CDAD36 /* ThreeSceneIncludingCoreData.xcdatamodel */ = {isa = PBXFileReference; lastKnownFileType = wrapper.xcdatamodel; path = ThreeSceneIncludingCoreData.xcdatamodel; sourceTree = "<group>"; };
		961EE61721A57B4A00CDAD36 /* Assets.xcassets */ = {isa = PBXFileReference; lastKnownFileType = folder.assetcatalog; path = Assets.xcassets; sourceTree = "<group>"; };
		961EE61A21A57B4A00CDAD36 /* Base */ = {isa = PBXFileReference; lastKnownFileType = file.storyboard; name = Base; path = Base.lproj/LaunchScreen.storyboard; sourceTree = "<group>"; };
		961EE61C21A57B4A00CDAD36 /* Info.plist */ = {isa = PBXFileReference; lastKnownFileType = text.plist.xml; path = Info.plist; sourceTree = "<group>"; };
		961EE62121A57B4A00CDAD36 /* ThreeSceneIncludingCoreDataTests.xctest */ = {isa = PBXFileReference; explicitFileType = wrapper.cfbundle; includeInIndex = 0; path = ThreeSceneIncludingCoreDataTests.xctest; sourceTree = BUILT_PRODUCTS_DIR; };
		961EE62521A57B4B00CDAD36 /* ThreeSceneIncludingCoreDataTests.swift */ = {isa = PBXFileReference; lastKnownFileType = sourcecode.swift; path = ThreeSceneIncludingCoreDataTests.swift; sourceTree = "<group>"; };
		961EE62721A57B4B00CDAD36 /* Info.plist */ = {isa = PBXFileReference; lastKnownFileType = text.plist.xml; path = Info.plist; sourceTree = "<group>"; };
		961EE62C21A57B4B00CDAD36 /* ThreeSceneIncludingCoreDataUITests.xctest */ = {isa = PBXFileReference; explicitFileType = wrapper.cfbundle; includeInIndex = 0; path = ThreeSceneIncludingCoreDataUITests.xctest; sourceTree = BUILT_PRODUCTS_DIR; };
		961EE63021A57B4B00CDAD36 /* ThreeSceneIncludingCoreDataUITests.swift */ = {isa = PBXFileReference; lastKnownFileType = sourcecode.swift; path = ThreeSceneIncludingCoreDataUITests.swift; sourceTree = "<group>"; };
		961EE63221A57B4B00CDAD36 /* Info.plist */ = {isa = PBXFileReference; lastKnownFileType = text.plist.xml; path = Info.plist; sourceTree = "<group>"; };
		961EE63E21A57BFC00CDAD36 /* checked.PNG */ = {isa = PBXFileReference; lastKnownFileType = image.png; path = checked.PNG; sourceTree = "<group>"; };
		961EE63F21A57BFC00CDAD36 /* images */ = {isa = PBXFileReference; lastKnownFileType = folder; path = images; sourceTree = "<group>"; };
		961EE64021A57BFC00CDAD36 /* ToDoListTableView.swift */ = {isa = PBXFileReference; fileEncoding = 4; lastKnownFileType = sourcecode.swift; path = ToDoListTableView.swift; sourceTree = "<group>"; };
		961EE64121A57BFD00CDAD36 /* unchecked.PNG */ = {isa = PBXFileReference; lastKnownFileType = image.png; path = unchecked.PNG; sourceTree = "<group>"; };
		961EE64221A57BFD00CDAD36 /* SubTaskClass.swift */ = {isa = PBXFileReference; fileEncoding = 4; lastKnownFileType = sourcecode.swift; path = SubTaskClass.swift; sourceTree = "<group>"; };
		961EE64421A57BFD00CDAD36 /* 5.png */ = {isa = PBXFileReference; lastKnownFileType = image.png; path = 5.png; sourceTree = "<group>"; };
		961EE64621A57BFD00CDAD36 /* 3.png */ = {isa = PBXFileReference; lastKnownFileType = image.png; path = 3.png; sourceTree = "<group>"; };
		961EE64721A57BFD00CDAD36 /* 1.png */ = {isa = PBXFileReference; lastKnownFileType = image.png; path = 1.png; sourceTree = "<group>"; };
		961EE64821A57BFD00CDAD36 /* 2.png */ = {isa = PBXFileReference; lastKnownFileType = image.png; path = 2.png; sourceTree = "<group>"; };
		961EE64921A57BFD00CDAD36 /* LogInPalmTree.png */ = {isa = PBXFileReference; lastKnownFileType = image.png; path = LogInPalmTree.png; sourceTree = "<group>"; };
		961EE64B21A57BFE00CDAD36 /* ThreeSceneIncludingCoreData.xcdatamodel */ = {isa = PBXFileReference; lastKnownFileType = wrapper.xcdatamodel; path = ThreeSceneIncludingCoreData.xcdatamodel; sourceTree = "<group>"; };
		961EE64C21A57BFE00CDAD36 /* 6.png */ = {isa = PBXFileReference; lastKnownFileType = image.png; path = 6.png; sourceTree = "<group>"; };
		96BB9B7121A62ACA00704AF6 /* TaskClass.swift */ = {isa = PBXFileReference; lastKnownFileType = sourcecode.swift; path = TaskClass.swift; sourceTree = "<group>"; };
/* End PBXFileReference section */

/* Begin PBXFrameworksBuildPhase section */
		961EE60721A57B4800CDAD36 /* Frameworks */ = {
			isa = PBXFrameworksBuildPhase;
			buildActionMask = 2147483647;
			files = (
			);
			runOnlyForDeploymentPostprocessing = 0;
		};
		961EE61E21A57B4A00CDAD36 /* Frameworks */ = {
			isa = PBXFrameworksBuildPhase;
			buildActionMask = 2147483647;
			files = (
			);
			runOnlyForDeploymentPostprocessing = 0;
		};
		961EE62921A57B4B00CDAD36 /* Frameworks */ = {
			isa = PBXFrameworksBuildPhase;
			buildActionMask = 2147483647;
			files = (
			);
			runOnlyForDeploymentPostprocessing = 0;
		};
/* End PBXFrameworksBuildPhase section */

/* Begin PBXGroup section */
		961EE60121A57B4800CDAD36 = {
			isa = PBXGroup;
			children = (
				961EE60C21A57B4800CDAD36 /* ThreeSceneIncludingCoreData */,
				961EE62421A57B4B00CDAD36 /* ThreeSceneIncludingCoreDataTests */,
				961EE62F21A57B4B00CDAD36 /* ThreeSceneIncludingCoreDataUITests */,
				961EE60B21A57B4800CDAD36 /* Products */,
			);
			sourceTree = "<group>";
		};
		961EE60B21A57B4800CDAD36 /* Products */ = {
			isa = PBXGroup;
			children = (
				961EE60A21A57B4800CDAD36 /* ThreeSceneIncludingCoreData.app */,
				961EE62121A57B4A00CDAD36 /* ThreeSceneIncludingCoreDataTests.xctest */,
				961EE62C21A57B4B00CDAD36 /* ThreeSceneIncludingCoreDataUITests.xctest */,
			);
			name = Products;
			sourceTree = "<group>";
		};
		961EE60C21A57B4800CDAD36 /* ThreeSceneIncludingCoreData */ = {
			isa = PBXGroup;
			children = (
				961EE63F21A57BFC00CDAD36 /* images */,
				961EE64121A57BFD00CDAD36 /* unchecked.PNG */,
				961EE64721A57BFD00CDAD36 /* 1.png */,
				961EE64821A57BFD00CDAD36 /* 2.png */,
				961EE64621A57BFD00CDAD36 /* 3.png */,
				961EE64421A57BFD00CDAD36 /* 5.png */,
				961EE64C21A57BFE00CDAD36 /* 6.png */,
				961EE63E21A57BFC00CDAD36 /* checked.PNG */,
				961EE64921A57BFD00CDAD36 /* LogInPalmTree.png */,
				961EE64221A57BFD00CDAD36 /* SubTaskClass.swift */,
				96BB9B7121A62ACA00704AF6 /* TaskClass.swift */,
				961EE64A21A57BFE00CDAD36 /* ThreeSceneIncludingCoreData.xcdatamodeld */,
				961EE64021A57BFC00CDAD36 /* ToDoListTableView.swift */,
				961EE60D21A57B4900CDAD36 /* AppDelegate.swift */,
				961EE60F21A57B4900CDAD36 /* ViewController.swift */,
				961EE61121A57B4900CDAD36 /* Main.storyboard */,
				961EE61721A57B4A00CDAD36 /* Assets.xcassets */,
				961EE61921A57B4A00CDAD36 /* LaunchScreen.storyboard */,
				961EE61C21A57B4A00CDAD36 /* Info.plist */,
				961EE61421A57B4900CDAD36 /* ThreeSceneIncludingCoreData.xcdatamodeld */,
			);
			path = ThreeSceneIncludingCoreData;
			sourceTree = "<group>";
		};
		961EE62421A57B4B00CDAD36 /* ThreeSceneIncludingCoreDataTests */ = {
			isa = PBXGroup;
			children = (
				961EE62521A57B4B00CDAD36 /* ThreeSceneIncludingCoreDataTests.swift */,
				961EE62721A57B4B00CDAD36 /* Info.plist */,
			);
			path = ThreeSceneIncludingCoreDataTests;
			sourceTree = "<group>";
		};
		961EE62F21A57B4B00CDAD36 /* ThreeSceneIncludingCoreDataUITests */ = {
			isa = PBXGroup;
			children = (
				961EE63021A57B4B00CDAD36 /* ThreeSceneIncludingCoreDataUITests.swift */,
				961EE63221A57B4B00CDAD36 /* Info.plist */,
			);
			path = ThreeSceneIncludingCoreDataUITests;
			sourceTree = "<group>";
		};
/* End PBXGroup section */

/* Begin PBXNativeTarget section */
		961EE60921A57B4800CDAD36 /* ThreeSceneIncludingCoreData */ = {
			isa = PBXNativeTarget;
			buildConfigurationList = 961EE63521A57B4B00CDAD36 /* Build configuration list for PBXNativeTarget "ThreeSceneIncludingCoreData" */;
			buildPhases = (
				961EE60621A57B4800CDAD36 /* Sources */,
				961EE60721A57B4800CDAD36 /* Frameworks */,
				961EE60821A57B4800CDAD36 /* Resources */,
			);
			buildRules = (
			);
			dependencies = (
			);
			name = ThreeSceneIncludingCoreData;
			productName = ThreeSceneIncludingCoreData;
			productReference = 961EE60A21A57B4800CDAD36 /* ThreeSceneIncludingCoreData.app */;
			productType = "com.apple.product-type.application";
		};
		961EE62021A57B4A00CDAD36 /* ThreeSceneIncludingCoreDataTests */ = {
			isa = PBXNativeTarget;
			buildConfigurationList = 961EE63821A57B4B00CDAD36 /* Build configuration list for PBXNativeTarget "ThreeSceneIncludingCoreDataTests" */;
			buildPhases = (
				961EE61D21A57B4A00CDAD36 /* Sources */,
				961EE61E21A57B4A00CDAD36 /* Frameworks */,
				961EE61F21A57B4A00CDAD36 /* Resources */,
			);
			buildRules = (
			);
			dependencies = (
				961EE62321A57B4A00CDAD36 /* PBXTargetDependency */,
			);
			name = ThreeSceneIncludingCoreDataTests;
			productName = ThreeSceneIncludingCoreDataTests;
			productReference = 961EE62121A57B4A00CDAD36 /* ThreeSceneIncludingCoreDataTests.xctest */;
			productType = "com.apple.product-type.bundle.unit-test";
		};
		961EE62B21A57B4B00CDAD36 /* ThreeSceneIncludingCoreDataUITests */ = {
			isa = PBXNativeTarget;
			buildConfigurationList = 961EE63B21A57B4B00CDAD36 /* Build configuration list for PBXNativeTarget "ThreeSceneIncludingCoreDataUITests" */;
			buildPhases = (
				961EE62821A57B4B00CDAD36 /* Sources */,
				961EE62921A57B4B00CDAD36 /* Frameworks */,
				961EE62A21A57B4B00CDAD36 /* Resources */,
			);
			buildRules = (
			);
			dependencies = (
				961EE62E21A57B4B00CDAD36 /* PBXTargetDependency */,
			);
			name = ThreeSceneIncludingCoreDataUITests;
			productName = ThreeSceneIncludingCoreDataUITests;
			productReference = 961EE62C21A57B4B00CDAD36 /* ThreeSceneIncludingCoreDataUITests.xctest */;
			productType = "com.apple.product-type.bundle.ui-testing";
		};
/* End PBXNativeTarget section */

/* Begin PBXProject section */
		961EE60221A57B4800CDAD36 /* Project object */ = {
			isa = PBXProject;
			attributes = {
				LastSwiftUpdateCheck = 1000;
				LastUpgradeCheck = 1000;
				ORGANIZATIONNAME = Jess;
				TargetAttributes = {
					961EE60921A57B4800CDAD36 = {
						CreatedOnToolsVersion = 10.0;
					};
					961EE62021A57B4A00CDAD36 = {
						CreatedOnToolsVersion = 10.0;
						TestTargetID = 961EE60921A57B4800CDAD36;
					};
					961EE62B21A57B4B00CDAD36 = {
						CreatedOnToolsVersion = 10.0;
						TestTargetID = 961EE60921A57B4800CDAD36;
					};
				};
			};
			buildConfigurationList = 961EE60521A57B4800CDAD36 /* Build configuration list for PBXProject "ThreeSceneIncludingCoreData" */;
			compatibilityVersion = "Xcode 9.3";
			developmentRegion = en;
			hasScannedForEncodings = 0;
			knownRegions = (
				en,
				Base,
			);
			mainGroup = 961EE60121A57B4800CDAD36;
			productRefGroup = 961EE60B21A57B4800CDAD36 /* Products */;
			projectDirPath = "";
			projectRoot = "";
			targets = (
				961EE60921A57B4800CDAD36 /* ThreeSceneIncludingCoreData */,
				961EE62021A57B4A00CDAD36 /* ThreeSceneIncludingCoreDataTests */,
				961EE62B21A57B4B00CDAD36 /* ThreeSceneIncludingCoreDataUITests */,
			);
		};
/* End PBXProject section */

/* Begin PBXResourcesBuildPhase section */
		961EE60821A57B4800CDAD36 /* Resources */ = {
			isa = PBXResourcesBuildPhase;
			buildActionMask = 2147483647;
			files = (
				961EE65621A57BFE00CDAD36 /* 1.png in Resources */,
				961EE64E21A57BFE00CDAD36 /* images in Resources */,
				961EE65721A57BFE00CDAD36 /* 2.png in Resources */,
				961EE65021A57BFE00CDAD36 /* unchecked.PNG in Resources */,
				961EE64D21A57BFE00CDAD36 /* checked.PNG in Resources */,
				961EE65521A57BFE00CDAD36 /* 3.png in Resources */,
				961EE65A21A57BFE00CDAD36 /* 6.png in Resources */,
				961EE61B21A57B4A00CDAD36 /* LaunchScreen.storyboard in Resources */,
				961EE65821A57BFE00CDAD36 /* LogInPalmTree.png in Resources */,
				961EE65321A57BFE00CDAD36 /* 5.png in Resources */,
				961EE61821A57B4A00CDAD36 /* Assets.xcassets in Resources */,
				961EE61321A57B4900CDAD36 /* Main.storyboard in Resources */,
			);
			runOnlyForDeploymentPostprocessing = 0;
		};
		961EE61F21A57B4A00CDAD36 /* Resources */ = {
			isa = PBXResourcesBuildPhase;
			buildActionMask = 2147483647;
			files = (
			);
			runOnlyForDeploymentPostprocessing = 0;
		};
		961EE62A21A57B4B00CDAD36 /* Resources */ = {
			isa = PBXResourcesBuildPhase;
			buildActionMask = 2147483647;
			files = (
			);
			runOnlyForDeploymentPostprocessing = 0;
		};
/* End PBXResourcesBuildPhase section */

/* Begin PBXSourcesBuildPhase section */
		961EE60621A57B4800CDAD36 /* Sources */ = {
			isa = PBXSourcesBuildPhase;
			buildActionMask = 2147483647;
			files = (
				961EE61021A57B4900CDAD36 /* ViewController.swift in Sources */,
				961EE60E21A57B4900CDAD36 /* AppDelegate.swift in Sources */,
				96BB9B7221A62ACA00704AF6 /* TaskClass.swift in Sources */,
				961EE65121A57BFE00CDAD36 /* SubTaskClass.swift in Sources */,
				961EE64F21A57BFE00CDAD36 /* ToDoListTableView.swift in Sources */,
				961EE61621A57B4900CDAD36 /* ThreeSceneIncludingCoreData.xcdatamodeld in Sources */,
				961EE65921A57BFE00CDAD36 /* ThreeSceneIncludingCoreData.xcdatamodeld in Sources */,
			);
			runOnlyForDeploymentPostprocessing = 0;
		};
		961EE61D21A57B4A00CDAD36 /* Sources */ = {
			isa = PBXSourcesBuildPhase;
			buildActionMask = 2147483647;
			files = (
				961EE62621A57B4B00CDAD36 /* ThreeSceneIncludingCoreDataTests.swift in Sources */,
			);
			runOnlyForDeploymentPostprocessing = 0;
		};
		961EE62821A57B4B00CDAD36 /* Sources */ = {
			isa = PBXSourcesBuildPhase;
			buildActionMask = 2147483647;
			files = (
				961EE63121A57B4B00CDAD36 /* ThreeSceneIncludingCoreDataUITests.swift in Sources */,
			);
			runOnlyForDeploymentPostprocessing = 0;
		};
/* End PBXSourcesBuildPhase section */

/* Begin PBXTargetDependency section */
		961EE62321A57B4A00CDAD36 /* PBXTargetDependency */ = {
			isa = PBXTargetDependency;
			target = 961EE60921A57B4800CDAD36 /* ThreeSceneIncludingCoreData */;
			targetProxy = 961EE62221A57B4A00CDAD36 /* PBXContainerItemProxy */;
		};
		961EE62E21A57B4B00CDAD36 /* PBXTargetDependency */ = {
			isa = PBXTargetDependency;
			target = 961EE60921A57B4800CDAD36 /* ThreeSceneIncludingCoreData */;
			targetProxy = 961EE62D21A57B4B00CDAD36 /* PBXContainerItemProxy */;
		};
/* End PBXTargetDependency section */

/* Begin PBXVariantGroup section */
		961EE61121A57B4900CDAD36 /* Main.storyboard */ = {
			isa = PBXVariantGroup;
			children = (
				961EE61221A57B4900CDAD36 /* Base */,
			);
			name = Main.storyboard;
			sourceTree = "<group>";
		};
		961EE61921A57B4A00CDAD36 /* LaunchScreen.storyboard */ = {
			isa = PBXVariantGroup;
			children = (
				961EE61A21A57B4A00CDAD36 /* Base */,
			);
			name = LaunchScreen.storyboard;
			sourceTree = "<group>";
		};
/* End PBXVariantGroup section */

/* Begin XCBuildConfiguration section */
		961EE63321A57B4B00CDAD36 /* Debug */ = {
			isa = XCBuildConfiguration;
			buildSettings = {
				ALWAYS_SEARCH_USER_PATHS = NO;
				CLANG_ANALYZER_NONNULL = YES;
				CLANG_ANALYZER_NUMBER_OBJECT_CONVERSION = YES_AGGRESSIVE;
				CLANG_CXX_LANGUAGE_STANDARD = "gnu++14";
				CLANG_CXX_LIBRARY = "libc++";
				CLANG_ENABLE_MODULES = YES;
				CLANG_ENABLE_OBJC_ARC = YES;
				CLANG_ENABLE_OBJC_WEAK = YES;
				CLANG_WARN_BLOCK_CAPTURE_AUTORELEASING = YES;
				CLANG_WARN_BOOL_CONVERSION = YES;
				CLANG_WARN_COMMA = YES;
				CLANG_WARN_CONSTANT_CONVERSION = YES;
				CLANG_WARN_DEPRECATED_OBJC_IMPLEMENTATIONS = YES;
				CLANG_WARN_DIRECT_OBJC_ISA_USAGE = YES_ERROR;
				CLANG_WARN_DOCUMENTATION_COMMENTS = YES;
				CLANG_WARN_EMPTY_BODY = YES;
				CLANG_WARN_ENUM_CONVERSION = YES;
				CLANG_WARN_INFINITE_RECURSION = YES;
				CLANG_WARN_INT_CONVERSION = YES;
				CLANG_WARN_NON_LITERAL_NULL_CONVERSION = YES;
				CLANG_WARN_OBJC_IMPLICIT_RETAIN_SELF = YES;
				CLANG_WARN_OBJC_LITERAL_CONVERSION = YES;
				CLANG_WARN_OBJC_ROOT_CLASS = YES_ERROR;
				CLANG_WARN_RANGE_LOOP_ANALYSIS = YES;
				CLANG_WARN_STRICT_PROTOTYPES = YES;
				CLANG_WARN_SUSPICIOUS_MOVE = YES;
				CLANG_WARN_UNGUARDED_AVAILABILITY = YES_AGGRESSIVE;
				CLANG_WARN_UNREACHABLE_CODE = YES;
				CLANG_WARN__DUPLICATE_METHOD_MATCH = YES;
				CODE_SIGN_IDENTITY = "iPhone Developer";
				COPY_PHASE_STRIP = NO;
				DEBUG_INFORMATION_FORMAT = dwarf;
				ENABLE_STRICT_OBJC_MSGSEND = YES;
				ENABLE_TESTABILITY = YES;
				GCC_C_LANGUAGE_STANDARD = gnu11;
				GCC_DYNAMIC_NO_PIC = NO;
				GCC_NO_COMMON_BLOCKS = YES;
				GCC_OPTIMIZATION_LEVEL = 0;
				GCC_PREPROCESSOR_DEFINITIONS = (
					"DEBUG=1",
					"$(inherited)",
				);
				GCC_WARN_64_TO_32_BIT_CONVERSION = YES;
				GCC_WARN_ABOUT_RETURN_TYPE = YES_ERROR;
				GCC_WARN_UNDECLARED_SELECTOR = YES;
				GCC_WARN_UNINITIALIZED_AUTOS = YES_AGGRESSIVE;
				GCC_WARN_UNUSED_FUNCTION = YES;
				GCC_WARN_UNUSED_VARIABLE = YES;
				IPHONEOS_DEPLOYMENT_TARGET = 12.0;
				MTL_ENABLE_DEBUG_INFO = INCLUDE_SOURCE;
				MTL_FAST_MATH = YES;
				ONLY_ACTIVE_ARCH = YES;
				SDKROOT = iphoneos;
				SWIFT_ACTIVE_COMPILATION_CONDITIONS = DEBUG;
				SWIFT_OPTIMIZATION_LEVEL = "-Onone";
			};
			name = Debug;
		};
		961EE63421A57B4B00CDAD36 /* Release */ = {
			isa = XCBuildConfiguration;
			buildSettings = {
				ALWAYS_SEARCH_USER_PATHS = NO;
				CLANG_ANALYZER_NONNULL = YES;
				CLANG_ANALYZER_NUMBER_OBJECT_CONVERSION = YES_AGGRESSIVE;
				CLANG_CXX_LANGUAGE_STANDARD = "gnu++14";
				CLANG_CXX_LIBRARY = "libc++";
				CLANG_ENABLE_MODULES = YES;
				CLANG_ENABLE_OBJC_ARC = YES;
				CLANG_ENABLE_OBJC_WEAK = YES;
				CLANG_WARN_BLOCK_CAPTURE_AUTORELEASING = YES;
				CLANG_WARN_BOOL_CONVERSION = YES;
				CLANG_WARN_COMMA = YES;
				CLANG_WARN_CONSTANT_CONVERSION = YES;
				CLANG_WARN_DEPRECATED_OBJC_IMPLEMENTATIONS = YES;
				CLANG_WARN_DIRECT_OBJC_ISA_USAGE = YES_ERROR;
				CLANG_WARN_DOCUMENTATION_COMMENTS = YES;
				CLANG_WARN_EMPTY_BODY = YES;
				CLANG_WARN_ENUM_CONVERSION = YES;
				CLANG_WARN_INFINITE_RECURSION = YES;
				CLANG_WARN_INT_CONVERSION = YES;
				CLANG_WARN_NON_LITERAL_NULL_CONVERSION = YES;
				CLANG_WARN_OBJC_IMPLICIT_RETAIN_SELF = YES;
				CLANG_WARN_OBJC_LITERAL_CONVERSION = YES;
				CLANG_WARN_OBJC_ROOT_CLASS = YES_ERROR;
				CLANG_WARN_RANGE_LOOP_ANALYSIS = YES;
				CLANG_WARN_STRICT_PROTOTYPES = YES;
				CLANG_WARN_SUSPICIOUS_MOVE = YES;
				CLANG_WARN_UNGUARDED_AVAILABILITY = YES_AGGRESSIVE;
				CLANG_WARN_UNREACHABLE_CODE = YES;
				CLANG_WARN__DUPLICATE_METHOD_MATCH = YES;
				CODE_SIGN_IDENTITY = "iPhone Developer";
				COPY_PHASE_STRIP = NO;
				DEBUG_INFORMATION_FORMAT = "dwarf-with-dsym";
				ENABLE_NS_ASSERTIONS = NO;
				ENABLE_STRICT_OBJC_MSGSEND = YES;
				GCC_C_LANGUAGE_STANDARD = gnu11;
				GCC_NO_COMMON_BLOCKS = YES;
				GCC_WARN_64_TO_32_BIT_CONVERSION = YES;
				GCC_WARN_ABOUT_RETURN_TYPE = YES_ERROR;
				GCC_WARN_UNDECLARED_SELECTOR = YES;
				GCC_WARN_UNINITIALIZED_AUTOS = YES_AGGRESSIVE;
				GCC_WARN_UNUSED_FUNCTION = YES;
				GCC_WARN_UNUSED_VARIABLE = YES;
				IPHONEOS_DEPLOYMENT_TARGET = 12.0;
				MTL_ENABLE_DEBUG_INFO = NO;
				MTL_FAST_MATH = YES;
				SDKROOT = iphoneos;
				SWIFT_COMPILATION_MODE = wholemodule;
				SWIFT_OPTIMIZATION_LEVEL = "-O";
				VALIDATE_PRODUCT = YES;
			};
			name = Release;
		};
		961EE63621A57B4B00CDAD36 /* Debug */ = {
			isa = XCBuildConfiguration;
			buildSettings = {
				ASSETCATALOG_COMPILER_APPICON_NAME = AppIcon;
				CODE_SIGN_STYLE = Automatic;
				INFOPLIST_FILE = ThreeSceneIncludingCoreData/Info.plist;
				LD_RUNPATH_SEARCH_PATHS = (
					"$(inherited)",
					"@executable_path/Frameworks",
				);
				PRODUCT_BUNDLE_IDENTIFIER = "-89e.ThreeSceneIncludingCoreData";
				PRODUCT_NAME = "$(TARGET_NAME)";
				SWIFT_VERSION = 4.2;
				TARGETED_DEVICE_FAMILY = "1,2";
			};
			name = Debug;
		};
		961EE63721A57B4B00CDAD36 /* Release */ = {
			isa = XCBuildConfiguration;
			buildSettings = {
				ASSETCATALOG_COMPILER_APPICON_NAME = AppIcon;
				CODE_SIGN_STYLE = Automatic;
				INFOPLIST_FILE = ThreeSceneIncludingCoreData/Info.plist;
				LD_RUNPATH_SEARCH_PATHS = (
					"$(inherited)",
					"@executable_path/Frameworks",
				);
				PRODUCT_BUNDLE_IDENTIFIER = "-89e.ThreeSceneIncludingCoreData";
				PRODUCT_NAME = "$(TARGET_NAME)";
				SWIFT_VERSION = 4.2;
				TARGETED_DEVICE_FAMILY = "1,2";
			};
			name = Release;
		};
		961EE63921A57B4B00CDAD36 /* Debug */ = {
			isa = XCBuildConfiguration;
			buildSettings = {
				ALWAYS_EMBED_SWIFT_STANDARD_LIBRARIES = YES;
				BUNDLE_LOADER = "$(TEST_HOST)";
				CODE_SIGN_STYLE = Automatic;
				INFOPLIST_FILE = ThreeSceneIncludingCoreDataTests/Info.plist;
				LD_RUNPATH_SEARCH_PATHS = (
					"$(inherited)",
					"@executable_path/Frameworks",
					"@loader_path/Frameworks",
				);
				PRODUCT_BUNDLE_IDENTIFIER = "-89e.ThreeSceneIncludingCoreDataTests";
				PRODUCT_NAME = "$(TARGET_NAME)";
				SWIFT_VERSION = 4.2;
				TARGETED_DEVICE_FAMILY = "1,2";
				TEST_HOST = "$(BUILT_PRODUCTS_DIR)/ThreeSceneIncludingCoreData.app/ThreeSceneIncludingCoreData";
			};
			name = Debug;
		};
		961EE63A21A57B4B00CDAD36 /* Release */ = {
			isa = XCBuildConfiguration;
			buildSettings = {
				ALWAYS_EMBED_SWIFT_STANDARD_LIBRARIES = YES;
				BUNDLE_LOADER = "$(TEST_HOST)";
				CODE_SIGN_STYLE = Automatic;
				INFOPLIST_FILE = ThreeSceneIncludingCoreDataTests/Info.plist;
				LD_RUNPATH_SEARCH_PATHS = (
					"$(inherited)",
					"@executable_path/Frameworks",
					"@loader_path/Frameworks",
				);
				PRODUCT_BUNDLE_IDENTIFIER = "-89e.ThreeSceneIncludingCoreDataTests";
				PRODUCT_NAME = "$(TARGET_NAME)";
				SWIFT_VERSION = 4.2;
				TARGETED_DEVICE_FAMILY = "1,2";
				TEST_HOST = "$(BUILT_PRODUCTS_DIR)/ThreeSceneIncludingCoreData.app/ThreeSceneIncludingCoreData";
			};
			name = Release;
		};
		961EE63C21A57B4B00CDAD36 /* Debug */ = {
			isa = XCBuildConfiguration;
			buildSettings = {
				ALWAYS_EMBED_SWIFT_STANDARD_LIBRARIES = YES;
				CODE_SIGN_STYLE = Automatic;
				INFOPLIST_FILE = ThreeSceneIncludingCoreDataUITests/Info.plist;
				LD_RUNPATH_SEARCH_PATHS = (
					"$(inherited)",
					"@executable_path/Frameworks",
					"@loader_path/Frameworks",
				);
				PRODUCT_BUNDLE_IDENTIFIER = "-89e.ThreeSceneIncludingCoreDataUITests";
				PRODUCT_NAME = "$(TARGET_NAME)";
				SWIFT_VERSION = 4.2;
				TARGETED_DEVICE_FAMILY = "1,2";
				TEST_TARGET_NAME = ThreeSceneIncludingCoreData;
			};
			name = Debug;
		};
		961EE63D21A57B4B00CDAD36 /* Release */ = {
			isa = XCBuildConfiguration;
			buildSettings = {
				ALWAYS_EMBED_SWIFT_STANDARD_LIBRARIES = YES;
				CODE_SIGN_STYLE = Automatic;
				INFOPLIST_FILE = ThreeSceneIncludingCoreDataUITests/Info.plist;
				LD_RUNPATH_SEARCH_PATHS = (
					"$(inherited)",
					"@executable_path/Frameworks",
					"@loader_path/Frameworks",
				);
				PRODUCT_BUNDLE_IDENTIFIER = "-89e.ThreeSceneIncludingCoreDataUITests";
				PRODUCT_NAME = "$(TARGET_NAME)";
				SWIFT_VERSION = 4.2;
				TARGETED_DEVICE_FAMILY = "1,2";
				TEST_TARGET_NAME = ThreeSceneIncludingCoreData;
			};
			name = Release;
		};
/* End XCBuildConfiguration section */

/* Begin XCConfigurationList section */
		961EE60521A57B4800CDAD36 /* Build configuration list for PBXProject "ThreeSceneIncludingCoreData" */ = {
			isa = XCConfigurationList;
			buildConfigurations = (
				961EE63321A57B4B00CDAD36 /* Debug */,
				961EE63421A57B4B00CDAD36 /* Release */,
			);
			defaultConfigurationIsVisible = 0;
			defaultConfigurationName = Release;
		};
		961EE63521A57B4B00CDAD36 /* Build configuration list for PBXNativeTarget "ThreeSceneIncludingCoreData" */ = {
			isa = XCConfigurationList;
			buildConfigurations = (
				961EE63621A57B4B00CDAD36 /* Debug */,
				961EE63721A57B4B00CDAD36 /* Release */,
			);
			defaultConfigurationIsVisible = 0;
			defaultConfigurationName = Release;
		};
		961EE63821A57B4B00CDAD36 /* Build configuration list for PBXNativeTarget "ThreeSceneIncludingCoreDataTests" */ = {
			isa = XCConfigurationList;
			buildConfigurations = (
				961EE63921A57B4B00CDAD36 /* Debug */,
				961EE63A21A57B4B00CDAD36 /* Release */,
			);
			defaultConfigurationIsVisible = 0;
			defaultConfigurationName = Release;
		};
		961EE63B21A57B4B00CDAD36 /* Build configuration list for PBXNativeTarget "ThreeSceneIncludingCoreDataUITests" */ = {
			isa = XCConfigurationList;
			buildConfigurations = (
				961EE63C21A57B4B00CDAD36 /* Debug */,
				961EE63D21A57B4B00CDAD36 /* Release */,
			);
			defaultConfigurationIsVisible = 0;
			defaultConfigurationName = Release;
		};
/* End XCConfigurationList section */

/* Begin XCVersionGroup section */
		961EE61421A57B4900CDAD36 /* ThreeSceneIncludingCoreData.xcdatamodeld */ = {
			isa = XCVersionGroup;
			children = (
				961EE61521A57B4900CDAD36 /* ThreeSceneIncludingCoreData.xcdatamodel */,
			);
			currentVersion = 961EE61521A57B4900CDAD36 /* ThreeSceneIncludingCoreData.xcdatamodel */;
			path = ThreeSceneIncludingCoreData.xcdatamodeld;
			sourceTree = "<group>";
			versionGroupType = wrapper.xcdatamodel;
		};
		961EE64A21A57BFE00CDAD36 /* ThreeSceneIncludingCoreData.xcdatamodeld */ = {
			isa = XCVersionGroup;
			children = (
				961EE64B21A57BFE00CDAD36 /* ThreeSceneIncludingCoreData.xcdatamodel */,
			);
			currentVersion = 961EE64B21A57BFE00CDAD36 /* ThreeSceneIncludingCoreData.xcdatamodel */;
			path = ThreeSceneIncludingCoreData.xcdatamodeld;
			sourceTree = "<group>";
			versionGroupType = wrapper.xcdatamodel;
		};
/* End XCVersionGroup section */
	};
	rootObject = 961EE60221A57B4800CDAD36 /* Project object */;
}
